Microsoft Visual Studio Solution File, Format Version 12.00
# Visual Studio Version 17
VisualStudioVersion = 17.5.2.0
MinimumVisualStudioVersion = 10.0.40219.1
Project("{FAE04EC0-301F-11D3-BF4B-00C04F79EFBC}") = "AoC2025", "AoC2025.csproj", "{90D04610-419E-9473-5332-BE674D2A70FA}"
EndProject
Global
	GlobalSection(SolutionConfigurationPlatforms) = preSolution
		Debug|Any CPU = Debug|Any CPU
		Release|Any CPU = Release|Any CPU
	EndGlobalSection
	GlobalSection(ProjectConfigurationPlatforms) = postSolution
		{90D04610-419E-9473-5332-BE674D2A70FA}.Debug|Any CPU.ActiveCfg = Debug|Any CPU
		{90D04610-419E-9473-5332-BE674D2A70FA}.Debug|Any CPU.Build.0 = Debug|Any CPU
		{90D04610-419E-9473-5332-BE674D2A70FA}.Release|Any CPU.ActiveCfg = Release|Any CPU
		{90D04610-419E-9473-5332-BE674D2A70FA}.Release|Any CPU.Build.0 = Release|Any CPU
	EndGlobalSection
	GlobalSection(SolutionProperties) = preSolution
		HideSolutionNode = FALSE
	EndGlobalSection
	GlobalSection(ExtensibilityGlobals) = postSolution
		SolutionGuid = {38564A5E-43E5-448D-B6AD-44D942CBF8BA}
	EndGlobalSection
EndGlobal
